
Microsoft Visual Studio Solution File, Format Version 12.00
# Visual Studio Version 17
VisualStudioVersion = 17.2.32630.192
MinimumVisualStudioVersion = 10.0.40219.1
Project("{FAE04EC0-301F-11D3-BF4B-00C04F79EFBC}") = "OnTheFly_Final", "OnTheFly_Final\OnTheFly_Final.csproj", "{9E0CA0CF-2301-4B34-884B-7E9C8A2C0063}"
EndProject
Global
	GlobalSection(SolutionConfigurationPlatforms) = preSolution
		Debug|Any CPU = Debug|Any CPU
		Release|Any CPU = Release|Any CPU
	EndGlobalSection
	GlobalSection(ProjectConfigurationPlatforms) = postSolution
		{9E0CA0CF-2301-4B34-884B-7E9C8A2C0063}.Debug|Any CPU.ActiveCfg = Debug|Any CPU
		{9E0CA0CF-2301-4B34-884B-7E9C8A2C0063}.Debug|Any CPU.Build.0 = Debug|Any CPU
		{9E0CA0CF-2301-4B34-884B-7E9C8A2C0063}.Release|Any CPU.ActiveCfg = Release|Any CPU
		{9E0CA0CF-2301-4B34-884B-7E9C8A2C0063}.Release|Any CPU.Build.0 = Release|Any CPU
	EndGlobalSection
	GlobalSection(SolutionProperties) = preSolution
		HideSolutionNode = FALSE
	EndGlobalSection
	GlobalSection(ExtensibilityGlobals) = postSolution
		SolutionGuid = {C02DD1E0-CD85-4B61-AF2E-B7CAC88437BA}
	EndGlobalSection
EndGlobal
